
Microsoft Visual Studio Solution File, Format Version 12.00
# Visual Studio Version 17
VisualStudioVersion = 17.5.33530.505
MinimumVisualStudioVersion = 10.0.40219.1
Project("{9A19103F-16F7-4668-BE54-9A1E7A4F7556}") = "Programa46 - Arrays", "Programa46 - Arrays.csproj", "{3E09A40F-1A95-4343-99E0-6E78415E9195}"
EndProject
Global
	GlobalSection(SolutionConfigurationPlatforms) = preSolution
		Debug|Any CPU = Debug|Any CPU
		Release|Any CPU = Release|Any CPU
	EndGlobalSection
	GlobalSection(ProjectConfigurationPlatforms) = postSolution
		{3E09A40F-1A95-4343-99E0-6E78415E9195}.Debug|Any CPU.ActiveCfg = Debug|Any CPU
		{3E09A40F-1A95-4343-99E0-6E78415E9195}.Debug|Any CPU.Build.0 = Debug|Any CPU
		{3E09A40F-1A95-4343-99E0-6E78415E9195}.Release|Any CPU.ActiveCfg = Release|Any CPU
		{3E09A40F-1A95-4343-99E0-6E78415E9195}.Release|Any CPU.Build.0 = Release|Any CPU
	EndGlobalSection
	GlobalSection(SolutionProperties) = preSolution
		HideSolutionNode = FALSE
	EndGlobalSection
	GlobalSection(ExtensibilityGlobals) = postSolution
		SolutionGuid = {6D76C787-BB9F-4EE5-9E9F-F030DEB9A48E}
	EndGlobalSection
EndGlobal
