
Microsoft Visual Studio Solution File, Format Version 12.00
# Visual Studio Version 17
VisualStudioVersion = 17.5.33530.505
MinimumVisualStudioVersion = 10.0.40219.1
Project("{FAE04EC0-301F-11D3-BF4B-00C04F79EFBC}") = "Fundamentos", "Fundamentos\Fundamentos.csproj", "{CFCC2EB2-7FB3-42E0-9569-F9F5FF1BB767}"
EndProject
Global
	GlobalSection(SolutionConfigurationPlatforms) = preSolution
		Debug|Any CPU = Debug|Any CPU
		Release|Any CPU = Release|Any CPU
	EndGlobalSection
	GlobalSection(ProjectConfigurationPlatforms) = postSolution
		{CFCC2EB2-7FB3-42E0-9569-F9F5FF1BB767}.Debug|Any CPU.ActiveCfg = Debug|Any CPU
		{CFCC2EB2-7FB3-42E0-9569-F9F5FF1BB767}.Debug|Any CPU.Build.0 = Debug|Any CPU
		{CFCC2EB2-7FB3-42E0-9569-F9F5FF1BB767}.Release|Any CPU.ActiveCfg = Release|Any CPU
		{CFCC2EB2-7FB3-42E0-9569-F9F5FF1BB767}.Release|Any CPU.Build.0 = Release|Any CPU
	EndGlobalSection
	GlobalSection(SolutionProperties) = preSolution
		HideSolutionNode = FALSE
	EndGlobalSection
	GlobalSection(ExtensibilityGlobals) = postSolution
		SolutionGuid = {F7ACCB67-1A8A-4292-A97B-58BA5BD3F981}
	EndGlobalSection
EndGlobal
